Microsoft Visual Studio Solution File, Format Version 12.00
# Visual Studio Version 16
VisualStudioVersion = 16.0.28917.181
MinimumVisualStudioVersion = 10.0.40219.1
Project("{9A19103F-16F7-4668-BE54-9A1E7A4F7556}") = "TestingFinalExam", "TestingFinalExam\TestingFinalExam.csproj", "{810C9F1D-9A75-4BA9-98D0-BC0D47C216A0}"
EndProject
Project("{FAE04EC0-301F-11D3-BF4B-00C04F79EFBC}") = "UnitTestProject", "UnitTestProject\UnitTestProject.csproj", "{7E6011E9-AD65-4D56-A5E9-D7E5BA5580E7}"
EndProject
Global
	GlobalSection(SolutionConfigurationPlatforms) = preSolution
		Debug|Any CPU = Debug|Any CPU
		Release|Any CPU = Release|Any CPU
	EndGlobalSection
	GlobalSection(ProjectConfigurationPlatforms) = postSolution
		{810C9F1D-9A75-4BA9-98D0-BC0D47C216A0}.Debug|Any CPU.ActiveCfg = Debug|Any CPU
		{810C9F1D-9A75-4BA9-98D0-BC0D47C216A0}.Debug|Any CPU.Build.0 = Debug|Any CPU
		{810C9F1D-9A75-4BA9-98D0-BC0D47C216A0}.Release|Any CPU.ActiveCfg = Release|Any CPU
		{810C9F1D-9A75-4BA9-98D0-BC0D47C216A0}.Release|Any CPU.Build.0 = Release|Any CPU
		{7E6011E9-AD65-4D56-A5E9-D7E5BA5580E7}.Debug|Any CPU.ActiveCfg = Debug|Any CPU
		{7E6011E9-AD65-4D56-A5E9-D7E5BA5580E7}.Debug|Any CPU.Build.0 = Debug|Any CPU
		{7E6011E9-AD65-4D56-A5E9-D7E5BA5580E7}.Release|Any CPU.ActiveCfg = Release|Any CPU
		{7E6011E9-AD65-4D56-A5E9-D7E5BA5580E7}.Release|Any CPU.Build.0 = Release|Any CPU
	EndGlobalSection
	GlobalSection(SolutionProperties) = preSolution
		HideSolutionNode = FALSE
	EndGlobalSection
	GlobalSection(ExtensibilityGlobals) = postSolution
		SolutionGuid = {D97A2EB8-2B5F-4DC9-A49D-AB9F0A65E782}
	EndGlobalSection
EndGlobal
